
Microsoft Visual Studio Solution File, Format Version 12.00
# Visual Studio Version 17
VisualStudioVersion = 17.5.002.0
MinimumVisualStudioVersion = 10.0.40219.1
Project("{9A19103F-16F7-4668-BE54-9A1E7A4F7556}") = "QuenteFrio", "QuenteFrio.csproj", "{612DC0E3-F555-4438-81D9-C4120D3F4799}"
EndProject
Global
	GlobalSection(SolutionConfigurationPlatforms) = preSolution
		Debug|Any CPU = Debug|Any CPU
		Release|Any CPU = Release|Any CPU
	EndGlobalSection
	GlobalSection(ProjectConfigurationPlatforms) = postSolution
		{612DC0E3-F555-4438-81D9-C4120D3F4799}.Debug|Any CPU.ActiveCfg = Debug|Any CPU
		{612DC0E3-F555-4438-81D9-C4120D3F4799}.Debug|Any CPU.Build.0 = Debug|Any CPU
		{612DC0E3-F555-4438-81D9-C4120D3F4799}.Release|Any CPU.ActiveCfg = Release|Any CPU
		{612DC0E3-F555-4438-81D9-C4120D3F4799}.Release|Any CPU.Build.0 = Release|Any CPU
	EndGlobalSection
	GlobalSection(SolutionProperties) = preSolution
		HideSolutionNode = FALSE
	EndGlobalSection
	GlobalSection(ExtensibilityGlobals) = postSolution
		SolutionGuid = {03E58A01-FF6F-4E04-BDCD-498CD333DA5E}
	EndGlobalSection
EndGlobal
